// !$*UTF8*$!
{
	archiveVersion = 1;
	classes = {
	};
	objectVersion = 77;
	objects = {

/* Begin PBXBuildFile section */
		CC185DC82E48B50A001287D3 /* HWAccountBalance.swift in Sources */ = {isa = PBXBuildFile; fileRef = CC185DC72E48B503001287D3 /* HWAccountBalance.swift */; };
		CC2B927B2E40B35F0082D836 /* HWNotification.swift in Sources */ = {isa = PBXBuildFile; fileRef = CC2B927A2E40B3570082D836 /* HWNotification.swift */; };
		CC5DB3222E472DA00012018B /* HWShimmerEffectBoxView.swift in Sources */ = {isa = PBXBuildFile; fileRef = CC5DB3212E472DA00012018B /* HWShimmerEffectBoxView.swift */; };
		CC5DB4342E47707E0012018B /* ColorAssets.xcassets in Resources */ = {isa = PBXBuildFile; fileRef = CC5DB4332E47707E0012018B /* ColorAssets.xcassets */; };
		CC789A402E3E29610068B48D /* HWToolBar.swift in Sources */ = {isa = PBXBuildFile; fileRef = CC789A2B2E3E29610068B48D /* HWToolBar.swift */; };
		CC789A412E3E29610068B48D /* HWHomeCoordinator.swift in Sources */ = {isa = PBXBuildFile; fileRef = CC789A312E3E29610068B48D /* HWHomeCoordinator.swift */; };
		CC789A422E3E29610068B48D /* HWHomeCoordinatorView.swift in Sources */ = {isa = PBXBuildFile; fileRef = CC789A322E3E29610068B48D /* HWHomeCoordinatorView.swift */; };
		CC789A442E3E29610068B48D /* ContentView.swift in Sources */ = {isa = PBXBuildFile; fileRef = CC789A3C2E3E29610068B48D /* ContentView.swift */; };
		CC789A452E3E29610068B48D /* HomeWorkApp.swift in Sources */ = {isa = PBXBuildFile; fileRef = CC789A3D2E3E29610068B48D /* HomeWorkApp.swift */; };
		CC789A462E3E29610068B48D /* Assets.xcassets in Resources */ = {isa = PBXBuildFile; fileRef = CC789A3A2E3E29610068B48D /* Assets.xcassets */; };
		CC789A482E3E2B850068B48D /* HWHomeViewModel.swift in Sources */ = {isa = PBXBuildFile; fileRef = CC789A472E3E2B810068B48D /* HWHomeViewModel.swift */; };
		CC789A4A2E3E2D1A0068B48D /* HWNotificationCoordinatorView.swift in Sources */ = {isa = PBXBuildFile; fileRef = CC789A492E3E2D1A0068B48D /* HWNotificationCoordinatorView.swift */; };
		CC789A4C2E3E2D330068B48D /* HWNotificationCoordinator.swift in Sources */ = {isa = PBXBuildFile; fileRef = CC789A4B2E3E2D330068B48D /* HWNotificationCoordinator.swift */; };
		CC789A4E2E3E2DA60068B48D /* HWNavigationCoordinatorProtocol.swift in Sources */ = {isa = PBXBuildFile; fileRef = CC789A4D2E3E2DA20068B48D /* HWNavigationCoordinatorProtocol.swift */; };
		CC789A502E3E2F6A0068B48D /* HWNotificationsView.swift in Sources */ = {isa = PBXBuildFile; fileRef = CC789A4F2E3E2F6A0068B48D /* HWNotificationsView.swift */; };
		CC789A522E3E2F870068B48D /* HWNotificationsViewModel.swift in Sources */ = {isa = PBXBuildFile; fileRef = CC789A512E3E2F840068B48D /* HWNotificationsViewModel.swift */; };
		CC789A542E3E30BD0068B48D /* HWNotificationRowView.swift in Sources */ = {isa = PBXBuildFile; fileRef = CC789A532E3E30BD0068B48D /* HWNotificationRowView.swift */; };
		CC789A582E3E35640068B48D /* HWScrollOffsetPreferenceKey.swift in Sources */ = {isa = PBXBuildFile; fileRef = CC789A572E3E35600068B48D /* HWScrollOffsetPreferenceKey.swift */; };
		CC80D0072E3F365F0096268D /* HWHomeView.swift in Sources */ = {isa = PBXBuildFile; fileRef = CC80D0062E3F365F0096268D /* HWHomeView.swift */; };
		CC80D00E2E3F46D60096268D /* HWUserProfileCoordinatorView.swift in Sources */ = {isa = PBXBuildFile; fileRef = CC80D00D2E3F46D60096268D /* HWUserProfileCoordinatorView.swift */; };
		CC80D0102E3F48190096268D /* HWLog.swift in Sources */ = {isa = PBXBuildFile; fileRef = CC80D00F2E3F48160096268D /* HWLog.swift */; };
		CC80D0122E3F4B600096268D /* HWUserProfileCoordinator.swift in Sources */ = {isa = PBXBuildFile; fileRef = CC80D0112E3F4B5E0096268D /* HWUserProfileCoordinator.swift */; };
		CC80D0142E3F53E80096268D /* HWNotificationDetailView.swift in Sources */ = {isa = PBXBuildFile; fileRef = CC80D0132E3F53E80096268D /* HWNotificationDetailView.swift */; };
		CC80D0162E3F5FE80096268D /* HWServiceIconView.swift in Sources */ = {isa = PBXBuildFile; fileRef = CC80D0152E3F5FE80096268D /* HWServiceIconView.swift */; };
		CC80D0B92E3F71CA0096268D /* HWFavoriteIconView.swift in Sources */ = {isa = PBXBuildFile; fileRef = CC80D0B82E3F71CA0096268D /* HWFavoriteIconView.swift */; };
		CC80D0BB2E3F72B30096268D /* HWHomeModel.swift in Sources */ = {isa = PBXBuildFile; fileRef = CC80D0BA2E3F72AE0096268D /* HWHomeModel.swift */; };
		CC80D1342E3FC78C0096268D /* HWNetworkManager.swift in Sources */ = {isa = PBXBuildFile; fileRef = CC80D1332E3FC7880096268D /* HWNetworkManager.swift */; };
		CC80D1362E3FC8430096268D /* HWEndpointModel.swift in Sources */ = {isa = PBXBuildFile; fileRef = CC80D1352E3FC83F0096268D /* HWEndpointModel.swift */; };
		CC80D1A92E3FCD320096268D /* HWImageSliderView.swift in Sources */ = {isa = PBXBuildFile; fileRef = CC80D1A82E3FCD320096268D /* HWImageSliderView.swift */; };
		CC80D1AB2E3FCF0B0096268D /* HWAPIBaseModel.swift in Sources */ = {isa = PBXBuildFile; fileRef = CC80D1AA2E3FCF070096268D /* HWAPIBaseModel.swift */; };
		CC80D1AD2E3FCF3B0096268D /* HWError.swift in Sources */ = {isa = PBXBuildFile; fileRef = CC80D1AC2E3FCF330096268D /* HWError.swift */; };
		CC80D1B02E3FD1180096268D /* HWFavorite.swift in Sources */ = {isa = PBXBuildFile; fileRef = CC80D1AF2E3FD1180096268D /* HWFavorite.swift */; };
		CC80D1B22E3FD1EB0096268D /* HWBanner.swift in Sources */ = {isa = PBXBuildFile; fileRef = CC80D1B12E3FD1EB0096268D /* HWBanner.swift */; };
		CC80D1B42E3FD68D0096268D /* HWTabBar.swift in Sources */ = {isa = PBXBuildFile; fileRef = CC80D1B32E3FD68D0096268D /* HWTabBar.swift */; };
		CCBCE3D22E423CB10098D57A /* HWEndpointModel+EndPoint.swift in Sources */ = {isa = PBXBuildFile; fileRef = CCBCE3D12E423CB00098D57A /* HWEndpointModel+EndPoint.swift */; };
		CCF65B202E4CE70700D991DC /* StringExtension.swift in Sources */ = {isa = PBXBuildFile; fileRef = CCF65B1F2E4CE70300D991DC /* StringExtension.swift */; };
		DC6C98652E4AEA270078EF53 /* HWMessageCode.swift in Sources */ = {isa = PBXBuildFile; fileRef = DC6C98642E4AEA270078EF53 /* HWMessageCode.swift */; };
		DC6C98672E4AEB1A0078EF53 /* HWAPIErrorModel.swift in Sources */ = {isa = PBXBuildFile; fileRef = DC6C98662E4AEB1A0078EF53 /* HWAPIErrorModel.swift */; };
/* End PBXBuildFile section */

/* Begin PBXFileReference section */
		CC185DC72E48B503001287D3 /* HWAccountBalance.swift */ = {isa = PBXFileReference; lastKnownFileType = sourcecode.swift; path = HWAccountBalance.swift; sourceTree = "<group>"; };
		CC2B927A2E40B3570082D836 /* HWNotification.swift */ = {isa = PBXFileReference; lastKnownFileType = sourcecode.swift; path = HWNotification.swift; sourceTree = "<group>"; };
		CC5DB3212E472DA00012018B /* HWShimmerEffectBoxView.swift */ = {isa = PBXFileReference; lastKnownFileType = sourcecode.swift; path = HWShimmerEffectBoxView.swift; sourceTree = "<group>"; };
		CC5DB4332E47707E0012018B /* ColorAssets.xcassets */ = {isa = PBXFileReference; lastKnownFileType = folder.assetcatalog; path = ColorAssets.xcassets; sourceTree = "<group>"; };
		CC7899CE2E3E10C20068B48D /* HomeWork.app */ = {isa = PBXFileReference; explicitFileType = wrapper.application; includeInIndex = 0; path = HomeWork.app; sourceTree = BUILT_PRODUCTS_DIR; };
		CC789A2B2E3E29610068B48D /* HWToolBar.swift */ = {isa = PBXFileReference; lastKnownFileType = sourcecode.swift; path = HWToolBar.swift; sourceTree = "<group>"; };
		CC789A312E3E29610068B48D /* HWHomeCoordinator.swift */ = {isa = PBXFileReference; lastKnownFileType = sourcecode.swift; path = HWHomeCoordinator.swift; sourceTree = "<group>"; };
		CC789A322E3E29610068B48D /* HWHomeCoordinatorView.swift */ = {isa = PBXFileReference; lastKnownFileType = sourcecode.swift; path = HWHomeCoordinatorView.swift; sourceTree = "<group>"; };
		CC789A3A2E3E29610068B48D /* Assets.xcassets */ = {isa = PBXFileReference; lastKnownFileType = folder.assetcatalog; path = Assets.xcassets; sourceTree = "<group>"; };
		CC789A3C2E3E29610068B48D /* ContentView.swift */ = {isa = PBXFileReference; lastKnownFileType = sourcecode.swift; path = ContentView.swift; sourceTree = "<group>"; };
		CC789A3D2E3E29610068B48D /* HomeWorkApp.swift */ = {isa = PBXFileReference; lastKnownFileType = sourcecode.swift; path = HomeWorkApp.swift; sourceTree = "<group>"; };
		CC789A472E3E2B810068B48D /* HWHomeViewModel.swift */ = {isa = PBXFileReference; lastKnownFileType = sourcecode.swift; path = HWHomeViewModel.swift; sourceTree = "<group>"; };
		CC789A492E3E2D1A0068B48D /* HWNotificationCoordinatorView.swift */ = {isa = PBXFileReference; lastKnownFileType = sourcecode.swift; path = HWNotificationCoordinatorView.swift; sourceTree = "<group>"; };
		CC789A4B2E3E2D330068B48D /* HWNotificationCoordinator.swift */ = {isa = PBXFileReference; lastKnownFileType = sourcecode.swift; path = HWNotificationCoordinator.swift; sourceTree = "<group>"; };
		CC789A4D2E3E2DA20068B48D /* HWNavigationCoordinatorProtocol.swift */ = {isa = PBXFileReference; lastKnownFileType = sourcecode.swift; path = HWNavigationCoordinatorProtocol.swift; sourceTree = "<group>"; };
		CC789A4F2E3E2F6A0068B48D /* HWNotificationsView.swift */ = {isa = PBXFileReference; lastKnownFileType = sourcecode.swift; path = HWNotificationsView.swift; sourceTree = "<group>"; };
		CC789A512E3E2F840068B48D /* HWNotificationsViewModel.swift */ = {isa = PBXFileReference; lastKnownFileType = sourcecode.swift; path = HWNotificationsViewModel.swift; sourceTree = "<group>"; };
		CC789A532E3E30BD0068B48D /* HWNotificationRowView.swift */ = {isa = PBXFileReference; lastKnownFileType = sourcecode.swift; path = HWNotificationRowView.swift; sourceTree = "<group>"; };
		CC789A572E3E35600068B48D /* HWScrollOffsetPreferenceKey.swift */ = {isa = PBXFileReference; lastKnownFileType = sourcecode.swift; path = HWScrollOffsetPreferenceKey.swift; sourceTree = "<group>"; };
		CC80D0062E3F365F0096268D /* HWHomeView.swift */ = {isa = PBXFileReference; lastKnownFileType = sourcecode.swift; path = HWHomeView.swift; sourceTree = "<group>"; };
		CC80D00D2E3F46D60096268D /* HWUserProfileCoordinatorView.swift */ = {isa = PBXFileReference; lastKnownFileType = sourcecode.swift; path = HWUserProfileCoordinatorView.swift; sourceTree = "<group>"; };
		CC80D00F2E3F48160096268D /* HWLog.swift */ = {isa = PBXFileReference; lastKnownFileType = sourcecode.swift; path = HWLog.swift; sourceTree = "<group>"; };
		CC80D0112E3F4B5E0096268D /* HWUserProfileCoordinator.swift */ = {isa = PBXFileReference; lastKnownFileType = sourcecode.swift; path = HWUserProfileCoordinator.swift; sourceTree = "<group>"; };
		CC80D0132E3F53E80096268D /* HWNotificationDetailView.swift */ = {isa = PBXFileReference; lastKnownFileType = sourcecode.swift; path = HWNotificationDetailView.swift; sourceTree = "<group>"; };
		CC80D0152E3F5FE80096268D /* HWServiceIconView.swift */ = {isa = PBXFileReference; lastKnownFileType = sourcecode.swift; path = HWServiceIconView.swift; sourceTree = "<group>"; };
		CC80D0B82E3F71CA0096268D /* HWFavoriteIconView.swift */ = {isa = PBXFileReference; lastKnownFileType = sourcecode.swift; path = HWFavoriteIconView.swift; sourceTree = "<group>"; };
		CC80D0BA2E3F72AE0096268D /* HWHomeModel.swift */ = {isa = PBXFileReference; lastKnownFileType = sourcecode.swift; path = HWHomeModel.swift; sourceTree = "<group>"; };
		CC80D1332E3FC7880096268D /* HWNetworkManager.swift */ = {isa = PBXFileReference; lastKnownFileType = sourcecode.swift; path = HWNetworkManager.swift; sourceTree = "<group>"; };
		CC80D1352E3FC83F0096268D /* HWEndpointModel.swift */ = {isa = PBXFileReference; lastKnownFileType = sourcecode.swift; path = HWEndpointModel.swift; sourceTree = "<group>"; };
		CC80D1A82E3FCD320096268D /* HWImageSliderView.swift */ = {isa = PBXFileReference; lastKnownFileType = sourcecode.swift; path = HWImageSliderView.swift; sourceTree = "<group>"; };
		CC80D1AA2E3FCF070096268D /* HWAPIBaseModel.swift */ = {isa = PBXFileReference; lastKnownFileType = sourcecode.swift; path = HWAPIBaseModel.swift; sourceTree = "<group>"; };
		CC80D1AC2E3FCF330096268D /* HWError.swift */ = {isa = PBXFileReference; lastKnownFileType = sourcecode.swift; path = HWError.swift; sourceTree = "<group>"; };
		CC80D1AF2E3FD1180096268D /* HWFavorite.swift */ = {isa = PBXFileReference; lastKnownFileType = sourcecode.swift; path = HWFavorite.swift; sourceTree = "<group>"; };
		CC80D1B12E3FD1EB0096268D /* HWBanner.swift */ = {isa = PBXFileReference; lastKnownFileType = sourcecode.swift; path = HWBanner.swift; sourceTree = "<group>"; };
		CC80D1B32E3FD68D0096268D /* HWTabBar.swift */ = {isa = PBXFileReference; lastKnownFileType = sourcecode.swift; path = HWTabBar.swift; sourceTree = "<group>"; };
		CCBCE3D12E423CB00098D57A /* HWEndpointModel+EndPoint.swift */ = {isa = PBXFileReference; lastKnownFileType = sourcecode.swift; path = "HWEndpointModel+EndPoint.swift"; sourceTree = "<group>"; };
		CCF65B1F2E4CE70300D991DC /* StringExtension.swift */ = {isa = PBXFileReference; lastKnownFileType = sourcecode.swift; path = StringExtension.swift; sourceTree = "<group>"; };
		DC6C98642E4AEA270078EF53 /* HWMessageCode.swift */ = {isa = PBXFileReference; lastKnownFileType = sourcecode.swift; path = HWMessageCode.swift; sourceTree = "<group>"; };
		DC6C98662E4AEB1A0078EF53 /* HWAPIErrorModel.swift */ = {isa = PBXFileReference; lastKnownFileType = sourcecode.swift; path = HWAPIErrorModel.swift; sourceTree = "<group>"; };
/* End PBXFileReference section */

/* Begin PBXFrameworksBuildPhase section */
		CC7899CB2E3E10C20068B48D /* Frameworks */ = {
			isa = PBXFrameworksBuildPhase;
			buildActionMask = 2147483647;
			files = (
			);
			runOnlyForDeploymentPostprocessing = 0;
		};
/* End PBXFrameworksBuildPhase section */

/* Begin PBXGroup section */
		CC7899C52E3E10C20068B48D = {
			isa = PBXGroup;
			children = (
				CC789A3E2E3E29610068B48D /* HomeWork */,
				CC7899CF2E3E10C20068B48D /* Products */,
			);
			sourceTree = "<group>";
		};
		CC7899CF2E3E10C20068B48D /* Products */ = {
			isa = PBXGroup;
			children = (
				CC7899CE2E3E10C20068B48D /* HomeWork.app */,
			);
			name = Products;
			sourceTree = "<group>";
		};
		CC789A1D2E3E29610068B48D /* Notification */ = {
			isa = PBXGroup;
			children = (
				CC2B927A2E40B3570082D836 /* HWNotification.swift */,
			);
			path = Notification;
			sourceTree = "<group>";
		};
		CC789A1E2E3E29610068B48D /* APIBody */ = {
			isa = PBXGroup;
			children = (
				CC80D1AE2E3FD10F0096268D /* Home */,
				CC789A1D2E3E29610068B48D /* Notification */,
			);
			path = APIBody;
			sourceTree = "<group>";
		};
		CC789A202E3E29610068B48D /* APIModel */ = {
			isa = PBXGroup;
			children = (
				DC6C98662E4AEB1A0078EF53 /* HWAPIErrorModel.swift */,
				DC6C98632E4AEA230078EF53 /* Error */,
				CCBCE3D12E423CB00098D57A /* HWEndpointModel+EndPoint.swift */,
				CC80D1AA2E3FCF070096268D /* HWAPIBaseModel.swift */,
				CC80D1352E3FC83F0096268D /* HWEndpointModel.swift */,
				CC789A1E2E3E29610068B48D /* APIBody */,
			);
			path = APIModel;
			sourceTree = "<group>";
		};
		CC789A212E3E29610068B48D /* Component */ = {
			isa = PBXGroup;
			children = (
			);
			path = Component;
			sourceTree = "<group>";
		};
		CC789A222E3E29610068B48D /* Error */ = {
			isa = PBXGroup;
			children = (
				CC80D1AC2E3FCF330096268D /* HWError.swift */,
			);
			path = Error;
			sourceTree = "<group>";
		};
		CC789A252E3E29610068B48D /* Manager */ = {
			isa = PBXGroup;
			children = (
				CC80D1332E3FC7880096268D /* HWNetworkManager.swift */,
			);
			path = Manager;
			sourceTree = "<group>";
		};
		CC789A272E3E29610068B48D /* PreferenceKey */ = {
			isa = PBXGroup;
			children = (
				CC789A572E3E35600068B48D /* HWScrollOffsetPreferenceKey.swift */,
			);
			path = PreferenceKey;
			sourceTree = "<group>";
		};
		CC789A282E3E29610068B48D /* Utility */ = {
			isa = PBXGroup;
			children = (
				CC80D00F2E3F48160096268D /* HWLog.swift */,
			);
			path = Utility;
			sourceTree = "<group>";
		};
		CC789A292E3E29610068B48D /* ViewModifier */ = {
			isa = PBXGroup;
			children = (
				CC5DB3212E472DA00012018B /* HWShimmerEffectBoxView.swift */,
			);
			path = ViewModifier;
			sourceTree = "<group>";
		};
		CC789A2A2E3E29610068B48D /* Common */ = {
			isa = PBXGroup;
			children = (
				CCF65B1E2E4CE6F600D991DC /* Extension */,
				CC789A202E3E29610068B48D /* APIModel */,
				CC789A212E3E29610068B48D /* Component */,
				CC789A222E3E29610068B48D /* Error */,
				CC789A252E3E29610068B48D /* Manager */,
				CC789A272E3E29610068B48D /* PreferenceKey */,
				CC789A282E3E29610068B48D /* Utility */,
				CC789A292E3E29610068B48D /* ViewModifier */,
			);
			path = Common;
			sourceTree = "<group>";
		};
		CC789A2C2E3E29610068B48D /* ChildView */ = {
			isa = PBXGroup;
			children = (
				CC789A2B2E3E29610068B48D /* HWToolBar.swift */,
				CC80D0152E3F5FE80096268D /* HWServiceIconView.swift */,
				CC80D0B82E3F71CA0096268D /* HWFavoriteIconView.swift */,
				CC80D1A82E3FCD320096268D /* HWImageSliderView.swift */,
				CC80D1B32E3FD68D0096268D /* HWTabBar.swift */,
			);
			path = ChildView;
			sourceTree = "<group>";
		};
		CC789A2E2E3E29610068B48D /* Model */ = {
			isa = PBXGroup;
			children = (
				CC80D0BA2E3F72AE0096268D /* HWHomeModel.swift */,
			);
			path = Model;
			sourceTree = "<group>";
		};
		CC789A2F2E3E29610068B48D /* ViewModel */ = {
			isa = PBXGroup;
			children = (
				CC789A472E3E2B810068B48D /* HWHomeViewModel.swift */,
			);
			path = ViewModel;
			sourceTree = "<group>";
		};
		CC789A302E3E29610068B48D /* View */ = {
			isa = PBXGroup;
			children = (
				CC80D0062E3F365F0096268D /* HWHomeView.swift */,
			);
			path = View;
			sourceTree = "<group>";
		};
		CC789A332E3E29610068B48D /* HWHome */ = {
			isa = PBXGroup;
			children = (
				CC789A322E3E29610068B48D /* HWHomeCoordinatorView.swift */,
				CC789A312E3E29610068B48D /* HWHomeCoordinator.swift */,
				CC789A2C2E3E29610068B48D /* ChildView */,
				CC789A2E2E3E29610068B48D /* Model */,
				CC789A2F2E3E29610068B48D /* ViewModel */,
				CC789A302E3E29610068B48D /* View */,
			);
			path = HWHome;
			sourceTree = "<group>";
		};
		CC789A352E3E29610068B48D /* ChildView */ = {
			isa = PBXGroup;
			children = (
				CC789A532E3E30BD0068B48D /* HWNotificationRowView.swift */,
			);
			path = ChildView;
			sourceTree = "<group>";
		};
		CC789A362E3E29610068B48D /* Model */ = {
			isa = PBXGroup;
			children = (
			);
			path = Model;
			sourceTree = "<group>";
		};
		CC789A372E3E29610068B48D /* ViewModel */ = {
			isa = PBXGroup;
			children = (
				CC789A512E3E2F840068B48D /* HWNotificationsViewModel.swift */,
			);
			path = ViewModel;
			sourceTree = "<group>";
		};
		CC789A382E3E29610068B48D /* View */ = {
			isa = PBXGroup;
			children = (
				CC789A4F2E3E2F6A0068B48D /* HWNotificationsView.swift */,
				CC80D0132E3F53E80096268D /* HWNotificationDetailView.swift */,
			);
			path = View;
			sourceTree = "<group>";
		};
		CC789A392E3E29610068B48D /* HWNotification */ = {
			isa = PBXGroup;
			children = (
				CC789A492E3E2D1A0068B48D /* HWNotificationCoordinatorView.swift */,
				CC789A4B2E3E2D330068B48D /* HWNotificationCoordinator.swift */,
				CC789A352E3E29610068B48D /* ChildView */,
				CC789A372E3E29610068B48D /* ViewModel */,
				CC789A382E3E29610068B48D /* View */,
				CC789A362E3E29610068B48D /* Model */,
			);
			path = HWNotification;
			sourceTree = "<group>";
		};
		CC789A3B2E3E29610068B48D /* Resources */ = {
			isa = PBXGroup;
			children = (
				CC789A3A2E3E29610068B48D /* Assets.xcassets */,
				CC5DB4332E47707E0012018B /* ColorAssets.xcassets */,
			);
			path = Resources;
			sourceTree = "<group>";
		};
		CC789A3E2E3E29610068B48D /* HomeWork */ = {
			isa = PBXGroup;
			children = (
				CC789A4D2E3E2DA20068B48D /* HWNavigationCoordinatorProtocol.swift */,
				CC789A3D2E3E29610068B48D /* HomeWorkApp.swift */,
				CC789A3C2E3E29610068B48D /* ContentView.swift */,
				CC789A332E3E29610068B48D /* HWHome */,
				CC789A392E3E29610068B48D /* HWNotification */,
				CC80D0082E3F467A0096268D /* HWUserProfile */,
				CC789A2A2E3E29610068B48D /* Common */,
				CC789A3B2E3E29610068B48D /* Resources */,
			);
			path = HomeWork;
			sourceTree = "<group>";
		};
		CC80D0082E3F467A0096268D /* HWUserProfile */ = {
			isa = PBXGroup;
			children = (
				CC80D00D2E3F46D60096268D /* HWUserProfileCoordinatorView.swift */,
				CC80D0112E3F4B5E0096268D /* HWUserProfileCoordinator.swift */,
				CC80D00C2E3F46AB0096268D /* ChildView */,
				CC80D00B2E3F469F0096268D /* Model */,
				CC80D00A2E3F46960096268D /* ViewModel */,
				CC80D0092E3F468D0096268D /* View */,
			);
			path = HWUserProfile;
			sourceTree = "<group>";
		};
		CC80D0092E3F468D0096268D /* View */ = {
			isa = PBXGroup;
			children = (
			);
			path = View;
			sourceTree = "<group>";
		};
		CC80D00A2E3F46960096268D /* ViewModel */ = {
			isa = PBXGroup;
			children = (
			);
			path = ViewModel;
			sourceTree = "<group>";
		};
		CC80D00B2E3F469F0096268D /* Model */ = {
			isa = PBXGroup;
			children = (
			);
			path = Model;
			sourceTree = "<group>";
		};
		CC80D00C2E3F46AB0096268D /* ChildView */ = {
			isa = PBXGroup;
			children = (
			);
			path = ChildView;
			sourceTree = "<group>";
		};
		CC80D1AE2E3FD10F0096268D /* Home */ = {
			isa = PBXGroup;
			children = (
				CC185DC72E48B503001287D3 /* HWAccountBalance.swift */,
				CC80D1B12E3FD1EB0096268D /* HWBanner.swift */,
				CC80D1AF2E3FD1180096268D /* HWFavorite.swift */,
			);
			path = Home;
			sourceTree = "<group>";
		};
		CCF65B1E2E4CE6F600D991DC /* Extension */ = {
			isa = PBXGroup;
			children = (
				CCF65B1F2E4CE70300D991DC /* StringExtension.swift */,
			);
			path = Extension;
			sourceTree = "<group>";
		};
		DC6C98632E4AEA230078EF53 /* Error */ = {
			isa = PBXGroup;
			children = (
				DC6C98642E4AEA270078EF53 /* HWMessageCode.swift */,
			);
			path = Error;
			sourceTree = "<group>";
		};
/* End PBXGroup section */

/* Begin PBXNativeTarget section */
		CC7899CD2E3E10C20068B48D /* HomeWork */ = {
			isa = PBXNativeTarget;
			buildConfigurationList = CC7899D92E3E10C40068B48D /* Build configuration list for PBXNativeTarget "HomeWork" */;
			buildPhases = (
				CC7899CA2E3E10C20068B48D /* Sources */,
				CC7899CB2E3E10C20068B48D /* Frameworks */,
				CC7899CC2E3E10C20068B48D /* Resources */,
			);
			buildRules = (
			);
			dependencies = (
			);
			name = HomeWork;
			packageProductDependencies = (
			);
			productName = HomeWork;
			productReference = CC7899CE2E3E10C20068B48D /* HomeWork.app */;
			productType = "com.apple.product-type.application";
		};
/* End PBXNativeTarget section */

/* Begin PBXProject section */
		CC7899C62E3E10C20068B48D /* Project object */ = {
			isa = PBXProject;
			attributes = {
				BuildIndependentTargetsInParallel = 1;
				LastSwiftUpdateCheck = 1640;
				LastUpgradeCheck = 1640;
				TargetAttributes = {
					CC7899CD2E3E10C20068B48D = {
						CreatedOnToolsVersion = 16.4;
					};
				};
			};
			buildConfigurationList = CC7899C92E3E10C20068B48D /* Build configuration list for PBXProject "HomeWork" */;
			developmentRegion = en;
			hasScannedForEncodings = 0;
			knownRegions = (
				en,
				Base,
			);
			mainGroup = CC7899C52E3E10C20068B48D;
			minimizedProjectReferenceProxies = 1;
			preferredProjectObjectVersion = 77;
			productRefGroup = CC7899CF2E3E10C20068B48D /* Products */;
			projectDirPath = "";
			projectRoot = "";
			targets = (
				CC7899CD2E3E10C20068B48D /* HomeWork */,
			);
		};
/* End PBXProject section */

/* Begin PBXResourcesBuildPhase section */
		CC7899CC2E3E10C20068B48D /* Resources */ = {
			isa = PBXResourcesBuildPhase;
			buildActionMask = 2147483647;
			files = (
				CC5DB4342E47707E0012018B /* ColorAssets.xcassets in Resources */,
				CC789A462E3E29610068B48D /* Assets.xcassets in Resources */,
			);
			runOnlyForDeploymentPostprocessing = 0;
		};
/* End PBXResourcesBuildPhase section */

/* Begin PBXSourcesBuildPhase section */
		CC7899CA2E3E10C20068B48D /* Sources */ = {
			isa = PBXSourcesBuildPhase;
			buildActionMask = 2147483647;
			files = (
				CC789A482E3E2B850068B48D /* HWHomeViewModel.swift in Sources */,
				CC789A502E3E2F6A0068B48D /* HWNotificationsView.swift in Sources */,
				CC789A402E3E29610068B48D /* HWToolBar.swift in Sources */,
				CC789A4C2E3E2D330068B48D /* HWNotificationCoordinator.swift in Sources */,
				CC80D0162E3F5FE80096268D /* HWServiceIconView.swift in Sources */,
				CC789A582E3E35640068B48D /* HWScrollOffsetPreferenceKey.swift in Sources */,
				CC80D0142E3F53E80096268D /* HWNotificationDetailView.swift in Sources */,
				CC80D0102E3F48190096268D /* HWLog.swift in Sources */,
				CC80D1B22E3FD1EB0096268D /* HWBanner.swift in Sources */,
				CC80D1B02E3FD1180096268D /* HWFavorite.swift in Sources */,
				CC80D1362E3FC8430096268D /* HWEndpointModel.swift in Sources */,
				CC185DC82E48B50A001287D3 /* HWAccountBalance.swift in Sources */,
				CC789A4A2E3E2D1A0068B48D /* HWNotificationCoordinatorView.swift in Sources */,
				CCF65B202E4CE70700D991DC /* StringExtension.swift in Sources */,
				CC789A522E3E2F870068B48D /* HWNotificationsViewModel.swift in Sources */,
				CCBCE3D22E423CB10098D57A /* HWEndpointModel+EndPoint.swift in Sources */,
				CC80D0B92E3F71CA0096268D /* HWFavoriteIconView.swift in Sources */,
				CC80D1AD2E3FCF3B0096268D /* HWError.swift in Sources */,
				CC789A4E2E3E2DA60068B48D /* HWNavigationCoordinatorProtocol.swift in Sources */,
				CC80D0122E3F4B600096268D /* HWUserProfileCoordinator.swift in Sources */,
				CC80D1B42E3FD68D0096268D /* HWTabBar.swift in Sources */,
				CC789A412E3E29610068B48D /* HWHomeCoordinator.swift in Sources */,
				CC789A422E3E29610068B48D /* HWHomeCoordinatorView.swift in Sources */,
				CC80D1342E3FC78C0096268D /* HWNetworkManager.swift in Sources */,
				DC6C98672E4AEB1A0078EF53 /* HWAPIErrorModel.swift in Sources */,
				CC80D1AB2E3FCF0B0096268D /* HWAPIBaseModel.swift in Sources */,
				DC6C98652E4AEA270078EF53 /* HWMessageCode.swift in Sources */,
				CC80D0072E3F365F0096268D /* HWHomeView.swift in Sources */,
				CC789A442E3E29610068B48D /* ContentView.swift in Sources */,
				CC80D00E2E3F46D60096268D /* HWUserProfileCoordinatorView.swift in Sources */,
				CC80D0BB2E3F72B30096268D /* HWHomeModel.swift in Sources */,
				CC80D1A92E3FCD320096268D /* HWImageSliderView.swift in Sources */,
				CC789A452E3E29610068B48D /* HomeWorkApp.swift in Sources */,
				CC789A542E3E30BD0068B48D /* HWNotificationRowView.swift in Sources */,
				CC2B927B2E40B35F0082D836 /* HWNotification.swift in Sources */,
				CC5DB3222E472DA00012018B /* HWShimmerEffectBoxView.swift in Sources */,
			);
			runOnlyForDeploymentPostprocessing = 0;
		};
/* End PBXSourcesBuildPhase section */

/* Begin XCBuildConfiguration section */
		CC7899D72E3E10C40068B48D /* Debug */ = {
			isa = XCBuildConfiguration;
			buildSettings = {
				ALWAYS_SEARCH_USER_PATHS = NO;
				ASSETCATALOG_COMPILER_GENERATE_SWIFT_ASSET_SYMBOL_EXTENSIONS = YES;
				CLANG_ANALYZER_NONNULL = YES;
				CLANG_ANALYZER_NUMBER_OBJECT_CONVERSION = YES_AGGRESSIVE;
				CLANG_CXX_LANGUAGE_STANDARD = "gnu++20";
				CLANG_ENABLE_MODULES = YES;
				CLANG_ENABLE_OBJC_ARC = YES;
				CLANG_ENABLE_OBJC_WEAK = YES;
				CLANG_WARN_BLOCK_CAPTURE_AUTORELEASING = YES;
				CLANG_WARN_BOOL_CONVERSION = YES;
				CLANG_WARN_COMMA = YES;
				CLANG_WARN_CONSTANT_CONVERSION = YES;
				CLANG_WARN_DEPRECATED_OBJC_IMPLEMENTATIONS = YES;
				CLANG_WARN_DIRECT_OBJC_ISA_USAGE = YES_ERROR;
				CLANG_WARN_DOCUMENTATION_COMMENTS = YES;
				CLANG_WARN_EMPTY_BODY = YES;
				CLANG_WARN_ENUM_CONVERSION = YES;
				CLANG_WARN_INFINITE_RECURSION = YES;
				CLANG_WARN_INT_CONVERSION = YES;
				CLANG_WARN_NON_LITERAL_NULL_CONVERSION = YES;
				CLANG_WARN_OBJC_IMPLICIT_RETAIN_SELF = YES;
				CLANG_WARN_OBJC_LITERAL_CONVERSION = YES;
				CLANG_WARN_OBJC_ROOT_CLASS = YES_ERROR;
				CLANG_WARN_QUOTED_INCLUDE_IN_FRAMEWORK_HEADER = YES;
				CLANG_WARN_RANGE_LOOP_ANALYSIS = YES;
				CLANG_WARN_STRICT_PROTOTYPES = YES;
				CLANG_WARN_SUSPICIOUS_MOVE = YES;
				CLANG_WARN_UNGUARDED_AVAILABILITY = YES_AGGRESSIVE;
				CLANG_WARN_UNREACHABLE_CODE = YES;
				CLANG_WARN__DUPLICATE_METHOD_MATCH = YES;
				COPY_PHASE_STRIP = NO;
				DEBUG_INFORMATION_FORMAT = dwarf;
				DEVELOPMENT_TEAM = 53V595L4ZZ;
				ENABLE_STRICT_OBJC_MSGSEND = YES;
				ENABLE_TESTABILITY = YES;
				ENABLE_USER_SCRIPT_SANDBOXING = YES;
				GCC_C_LANGUAGE_STANDARD = gnu17;
				GCC_DYNAMIC_NO_PIC = NO;
				GCC_NO_COMMON_BLOCKS = YES;
				GCC_OPTIMIZATION_LEVEL = 0;
				GCC_PREPROCESSOR_DEFINITIONS = (
					"DEBUG=1",
					"$(inherited)",
				);
				GCC_WARN_64_TO_32_BIT_CONVERSION = YES;
				GCC_WARN_ABOUT_RETURN_TYPE = YES_ERROR;
				GCC_WARN_UNDECLARED_SELECTOR = YES;
				GCC_WARN_UNINITIALIZED_AUTOS = YES_AGGRESSIVE;
				GCC_WARN_UNUSED_FUNCTION = YES;
				GCC_WARN_UNUSED_VARIABLE = YES;
				IPHONEOS_DEPLOYMENT_TARGET = 18.5;
				LOCALIZATION_PREFERS_STRING_CATALOGS = YES;
				MTL_ENABLE_DEBUG_INFO = INCLUDE_SOURCE;
				MTL_FAST_MATH = YES;
				ONLY_ACTIVE_ARCH = YES;
				SDKROOT = iphoneos;
				SWIFT_ACTIVE_COMPILATION_CONDITIONS = "DEBUG $(inherited)";
				SWIFT_OPTIMIZATION_LEVEL = "-Onone";
			};
			name = Debug;
		};
		CC7899D82E3E10C40068B48D /* Release */ = {
			isa = XCBuildConfiguration;
			buildSettings = {
				ALWAYS_SEARCH_USER_PATHS = NO;
				ASSETCATALOG_COMPILER_GENERATE_SWIFT_ASSET_SYMBOL_EXTENSIONS = YES;
				CLANG_ANALYZER_NONNULL = YES;
				CLANG_ANALYZER_NUMBER_OBJECT_CONVERSION = YES_AGGRESSIVE;
				CLANG_CXX_LANGUAGE_STANDARD = "gnu++20";
				CLANG_ENABLE_MODULES = YES;
				CLANG_ENABLE_OBJC_ARC = YES;
				CLANG_ENABLE_OBJC_WEAK = YES;
				CLANG_WARN_BLOCK_CAPTURE_AUTORELEASING = YES;
				CLANG_WARN_BOOL_CONVERSION = YES;
				CLANG_WARN_COMMA = YES;
				CLANG_WARN_CONSTANT_CONVERSION = YES;
				CLANG_WARN_DEPRECATED_OBJC_IMPLEMENTATIONS = YES;
				CLANG_WARN_DIRECT_OBJC_ISA_USAGE = YES_ERROR;
				CLANG_WARN_DOCUMENTATION_COMMENTS = YES;
				CLANG_WARN_EMPTY_BODY = YES;
				CLANG_WARN_ENUM_CONVERSION = YES;
				CLANG_WARN_INFINITE_RECURSION = YES;
				CLANG_WARN_INT_CONVERSION = YES;
				CLANG_WARN_NON_LITERAL_NULL_CONVERSION = YES;
				CLANG_WARN_OBJC_IMPLICIT_RETAIN_SELF = YES;
				CLANG_WARN_OBJC_LITERAL_CONVERSION = YES;
				CLANG_WARN_OBJC_ROOT_CLASS = YES_ERROR;
				CLANG_WARN_QUOTED_INCLUDE_IN_FRAMEWORK_HEADER = YES;
				CLANG_WARN_RANGE_LOOP_ANALYSIS = YES;
				CLANG_WARN_STRICT_PROTOTYPES = YES;
				CLANG_WARN_SUSPICIOUS_MOVE = YES;
				CLANG_WARN_UNGUARDED_AVAILABILITY = YES_AGGRESSIVE;
				CLANG_WARN_UNREACHABLE_CODE = YES;
				CLANG_WARN__DUPLICATE_METHOD_MATCH = YES;
				COPY_PHASE_STRIP = NO;
				DEBUG_INFORMATION_FORMAT = "dwarf-with-dsym";
				DEVELOPMENT_TEAM = 53V595L4ZZ;
				ENABLE_NS_ASSERTIONS = NO;
				ENABLE_STRICT_OBJC_MSGSEND = YES;
				ENABLE_USER_SCRIPT_SANDBOXING = YES;
				GCC_C_LANGUAGE_STANDARD = gnu17;
				GCC_NO_COMMON_BLOCKS = YES;
				GCC_WARN_64_TO_32_BIT_CONVERSION = YES;
				GCC_WARN_ABOUT_RETURN_TYPE = YES_ERROR;
				GCC_WARN_UNDECLARED_SELECTOR = YES;
				GCC_WARN_UNINITIALIZED_AUTOS = YES_AGGRESSIVE;
				GCC_WARN_UNUSED_FUNCTION = YES;
				GCC_WARN_UNUSED_VARIABLE = YES;
				IPHONEOS_DEPLOYMENT_TARGET = 18.5;
				LOCALIZATION_PREFERS_STRING_CATALOGS = YES;
				MTL_ENABLE_DEBUG_INFO = NO;
				MTL_FAST_MATH = YES;
				SDKROOT = iphoneos;
				SWIFT_COMPILATION_MODE = wholemodule;
				VALIDATE_PRODUCT = YES;
			};
			name = Release;
		};
		CC7899DA2E3E10C40068B48D /* Debug */ = {
			isa = XCBuildConfiguration;
			buildSettings = {
				ASSETCATALOG_COMPILER_APPICON_NAME = AppIcon;
				ASSETCATALOG_COMPILER_GLOBAL_ACCENT_COLOR_NAME = AccentColor;
				CODE_SIGN_STYLE = Automatic;
				CURRENT_PROJECT_VERSION = 1;
				DEVELOPMENT_TEAM = Y9LK8D9XX5;
				ENABLE_PREVIEWS = YES;
				GENERATE_INFOPLIST_FILE = YES;
				INFOPLIST_KEY_UIApplicationSceneManifest_Generation = YES;
				INFOPLIST_KEY_UIApplicationSupportsIndirectInputEvents = YES;
				INFOPLIST_KEY_UILaunchScreen_Generation = YES;
				INFOPLIST_KEY_UISupportedInterfaceOrientations_iPad = "UIInterfaceOrientationPortrait UIInterfaceOrientationPortraitUpsideDown UIInterfaceOrientationLandscapeLeft UIInterfaceOrientationLandscapeRight";
				INFOPLIST_KEY_UISupportedInterfaceOrientations_iPhone = "UIInterfaceOrientationPortrait UIInterfaceOrientationLandscapeLeft UIInterfaceOrientationLandscapeRight";
				IPHONEOS_DEPLOYMENT_TARGET = 16.6;
				LD_RUNPATH_SEARCH_PATHS = (
					"$(inherited)",
					"@executable_path/Frameworks",
				);
				MARKETING_VERSION = 1.0;
				PRODUCT_BUNDLE_IDENTIFIER = semsethy.HomeWork;
				PRODUCT_NAME = "$(TARGET_NAME)";
				SWIFT_EMIT_LOC_STRINGS = YES;
				SWIFT_VERSION = 5.0;
				TARGETED_DEVICE_FAMILY = "1,2";
			};
			name = Debug;
		};
		CC7899DB2E3E10C40068B48D /* Release */ = {
			isa = XCBuildConfiguration;
			buildSettings = {
				ASSETCATALOG_COMPILER_APPICON_NAME = AppIcon;
				ASSETCATALOG_COMPILER_GLOBAL_ACCENT_COLOR_NAME = AccentColor;
				CODE_SIGN_STYLE = Automatic;
				CURRENT_PROJECT_VERSION = 1;
				DEVELOPMENT_TEAM = Y9LK8D9XX5;
				ENABLE_PREVIEWS = YES;
				GENERATE_INFOPLIST_FILE = YES;
				INFOPLIST_KEY_UIApplicationSceneManifest_Generation = YES;
				INFOPLIST_KEY_UIApplicationSupportsIndirectInputEvents = YES;
				INFOPLIST_KEY_UILaunchScreen_Generation = YES;
				INFOPLIST_KEY_UISupportedInterfaceOrientations_iPad = "UIInterfaceOrientationPortrait UIInterfaceOrientationPortraitUpsideDown UIInterfaceOrientationLandscapeLeft UIInterfaceOrientationLandscapeRight";
				INFOPLIST_KEY_UISupportedInterfaceOrientations_iPhone = "UIInterfaceOrientationPortrait UIInterfaceOrientationLandscapeLeft UIInterfaceOrientationLandscapeRight";
				IPHONEOS_DEPLOYMENT_TARGET = 16.6;
				LD_RUNPATH_SEARCH_PATHS = (
					"$(inherited)",
					"@executable_path/Frameworks",
				);
				MARKETING_VERSION = 1.0;
				PRODUCT_BUNDLE_IDENTIFIER = semsethy.HomeWork;
				PRODUCT_NAME = "$(TARGET_NAME)";
				SWIFT_EMIT_LOC_STRINGS = YES;
				SWIFT_VERSION = 5.0;
				TARGETED_DEVICE_FAMILY = "1,2";
			};
			name = Release;
		};
/* End XCBuildConfiguration section */

/* Begin XCConfigurationList section */
		CC7899C92E3E10C20068B48D /* Build configuration list for PBXProject "HomeWork" */ = {
			isa = XCConfigurationList;
			buildConfigurations = (
				CC7899D72E3E10C40068B48D /* Debug */,
				CC7899D82E3E10C40068B48D /* Release */,
			);
			defaultConfigurationIsVisible = 0;
			defaultConfigurationName = Release;
		};
		CC7899D92E3E10C40068B48D /* Build configuration list for PBXNativeTarget "HomeWork" */ = {
			isa = XCConfigurationList;
			buildConfigurations = (
				CC7899DA2E3E10C40068B48D /* Debug */,
				CC7899DB2E3E10C40068B48D /* Release */,
			);
			defaultConfigurationIsVisible = 0;
			defaultConfigurationName = Release;
		};
/* End XCConfigurationList section */
	};
	rootObject = CC7899C62E3E10C20068B48D /* Project object */;
}
